
Microsoft Visual Studio Solution File, Format Version 12.00
# Visual Studio 15
Project("{FAE04EC0-301F-11D3-BF4B-00C04F79EFBC}") = "AnimationsSample.Android", "AnimationsSample.Android\AnimationsSample.Android.csproj", "{74C35BC8-F25D-4202-B86A-0FE8FE26CD7A}"
EndProject
Project("{FAE04EC0-301F-11D3-BF4B-00C04F79EFBC}") = "AnimationsSample.iOS", "AnimationsSample.iOS\AnimationsSample.iOS.csproj", "{1BB72CB5-431E-4BFC-AA3F-209A7A25584E}"
EndProject
Project("{FAE04EC0-301F-11D3-BF4B-00C04F79EFBC}") = "AnimationsSample", "AnimationsSample\AnimationsSample.csproj", "{AF3A9718-C5E7-4581-A20A-DC7C15BD5F37}"
EndProject
Global
	GlobalSection(SolutionConfigurationPlatforms) = preSolution
		Debug|Any CPU = Debug|Any CPU
		Release|Any CPU = Release|Any CPU
		Debug|iPhoneSimulator = Debug|iPhoneSimulator
		Release|iPhoneSimulator = Release|iPhoneSimulator
		Debug|iPhone = Debug|iPhone
		Release|iPhone = Release|iPhone
	EndGlobalSection
	GlobalSection(ProjectConfigurationPlatforms) = postSolution
		{74C35BC8-F25D-4202-B86A-0FE8FE26CD7A}.Debug|Any CPU.ActiveCfg = Debug|Any CPU
		{74C35BC8-F25D-4202-B86A-0FE8FE26CD7A}.Debug|Any CPU.Build.0 = Debug|Any CPU
		{74C35BC8-F25D-4202-B86A-0FE8FE26CD7A}.Release|Any CPU.ActiveCfg = Release|Any CPU
		{74C35BC8-F25D-4202-B86A-0FE8FE26CD7A}.Release|Any CPU.Build.0 = Release|Any CPU
		{74C35BC8-F25D-4202-B86A-0FE8FE26CD7A}.Debug|iPhoneSimulator.ActiveCfg = Debug|Any CPU
		{74C35BC8-F25D-4202-B86A-0FE8FE26CD7A}.Debug|iPhoneSimulator.Build.0 = Debug|Any CPU
		{74C35BC8-F25D-4202-B86A-0FE8FE26CD7A}.Release|iPhoneSimulator.ActiveCfg = Release|Any CPU
		{74C35BC8-F25D-4202-B86A-0FE8FE26CD7A}.Release|iPhoneSimulator.Build.0 = Release|Any CPU
		{74C35BC8-F25D-4202-B86A-0FE8FE26CD7A}.Debug|iPhone.ActiveCfg = Debug|Any CPU
		{74C35BC8-F25D-4202-B86A-0FE8FE26CD7A}.Debug|iPhone.Build.0 = Debug|Any CPU
		{74C35BC8-F25D-4202-B86A-0FE8FE26CD7A}.Release|iPhone.ActiveCfg = Release|Any CPU
		{74C35BC8-F25D-4202-B86A-0FE8FE26CD7A}.Release|iPhone.Build.0 = Release|Any CPU
		{1BB72CB5-431E-4BFC-AA3F-209A7A25584E}.Debug|Any CPU.ActiveCfg = Debug|iPhoneSimulator
		{1BB72CB5-431E-4BFC-AA3F-209A7A25584E}.Debug|Any CPU.Build.0 = Debug|iPhoneSimulator
		{1BB72CB5-431E-4BFC-AA3F-209A7A25584E}.Release|Any CPU.ActiveCfg = Release|iPhoneSimulator
		{1BB72CB5-431E-4BFC-AA3F-209A7A25584E}.Release|Any CPU.Build.0 = Release|iPhoneSimulator
		{1BB72CB5-431E-4BFC-AA3F-209A7A25584E}.Debug|iPhoneSimulator.ActiveCfg = Debug|iPhoneSimulator
		{1BB72CB5-431E-4BFC-AA3F-209A7A25584E}.Debug|iPhoneSimulator.Build.0 = Debug|iPhoneSimulator
		{1BB72CB5-431E-4BFC-AA3F-209A7A25584E}.Release|iPhoneSimulator.ActiveCfg = Release|iPhoneSimulator
		{1BB72CB5-431E-4BFC-AA3F-209A7A25584E}.Release|iPhoneSimulator.Build.0 = Release|iPhoneSimulator
		{1BB72CB5-431E-4BFC-AA3F-209A7A25584E}.Debug|iPhone.ActiveCfg = Debug|iPhone
		{1BB72CB5-431E-4BFC-AA3F-209A7A25584E}.Debug|iPhone.Build.0 = Debug|iPhone
		{1BB72CB5-431E-4BFC-AA3F-209A7A25584E}.Release|iPhone.ActiveCfg = Release|iPhone
		{1BB72CB5-431E-4BFC-AA3F-209A7A25584E}.Release|iPhone.Build.0 = Release|iPhone
		{AF3A9718-C5E7-4581-A20A-DC7C15BD5F37}.Debug|Any CPU.ActiveCfg = Debug|Any CPU
		{AF3A9718-C5E7-4581-A20A-DC7C15BD5F37}.Debug|Any CPU.Build.0 = Debug|Any CPU
		{AF3A9718-C5E7-4581-A20A-DC7C15BD5F37}.Release|Any CPU.ActiveCfg = Release|Any CPU
		{AF3A9718-C5E7-4581-A20A-DC7C15BD5F37}.Release|Any CPU.Build.0 = Release|Any CPU
		{AF3A9718-C5E7-4581-A20A-DC7C15BD5F37}.Debug|iPhoneSimulator.ActiveCfg = Debug|Any CPU
		{AF3A9718-C5E7-4581-A20A-DC7C15BD5F37}.Debug|iPhoneSimulator.Build.0 = Debug|Any CPU
		{AF3A9718-C5E7-4581-A20A-DC7C15BD5F37}.Release|iPhoneSimulator.ActiveCfg = Release|Any CPU
		{AF3A9718-C5E7-4581-A20A-DC7C15BD5F37}.Release|iPhoneSimulator.Build.0 = Release|Any CPU
		{AF3A9718-C5E7-4581-A20A-DC7C15BD5F37}.Debug|iPhone.ActiveCfg = Debug|Any CPU
		{AF3A9718-C5E7-4581-A20A-DC7C15BD5F37}.Debug|iPhone.Build.0 = Debug|Any CPU
		{AF3A9718-C5E7-4581-A20A-DC7C15BD5F37}.Release|iPhone.ActiveCfg = Release|Any CPU
		{AF3A9718-C5E7-4581-A20A-DC7C15BD5F37}.Release|iPhone.Build.0 = Release|Any CPU
	EndGlobalSection
EndGlobal
